
Microsoft Visual Studio Solution File, Format Version 12.00
# Visual Studio Version 17
VisualStudioVersion = 17.8.34309.116
MinimumVisualStudioVersion = 10.0.40219.1
Project("{9A19103F-16F7-4668-BE54-9A1E7A4F7556}") = "Northwind.EntityModels.SqlServer", "Northwind.EntityModels.SqlServer\Northwind.EntityModels.SqlServer.csproj", "{CD94357F-59AC-402F-B9FE-4CA45636E725}"
EndProject
Project("{9A19103F-16F7-4668-BE54-9A1E7A4F7556}") = "Northwind.DataContext.SqlServer", "Northwind.DataContext.SqlServer\Northwind.DataContext.SqlServer.csproj", "{303B6680-6B27-4076-A96D-C0957FFFFFDF}"
EndProject
Project("{9A19103F-16F7-4668-BE54-9A1E7A4F7556}") = "Northwind.UnitTests", "Northwind.UnitTests\Northwind.UnitTests.csproj", "{B3CBD1C3-3865-4716-912E-331139882928}"
EndProject
Project("{9A19103F-16F7-4668-BE54-9A1E7A4F7556}") = "Northwind.Web", "Northwind.Web\Northwind.Web.csproj", "{72C3D62D-D47C-4ED7-BF11-0063A83B5D46}"
EndProject
Project("{9A19103F-16F7-4668-BE54-9A1E7A4F7556}") = "Northwind.Razor.Employees", "Northwind.Razor.Employees\Northwind.Razor.Employees.csproj", "{649E769B-ABFB-41B1-8F7B-636D03C2728D}"
EndProject
Project("{9A19103F-16F7-4668-BE54-9A1E7A4F7556}") = "Northwind.Mvc", "Northwind.Mvc\Northwind.Mvc.csproj", "{CF83ED48-F978-489E-86DF-4D926B54DB98}"
EndProject
Project("{9A19103F-16F7-4668-BE54-9A1E7A4F7556}") = "Northwind.WebApi", "Northwind.WebApi\Northwind.WebApi.csproj", "{5640C1B3-6C77-4CCB-9508-3999CC08E4D9}"
EndProject
Project("{2150E333-8FDC-42A3-9474-1A3956D46DE8}") = "HttpRequests", "HttpRequests", "{FFCA1B8D-33CE-4251-91B6-96949B7901B8}"
	ProjectSection(SolutionItems) = preProject
		create-customer.http = create-customer.http
		get-customers.http = get-customers.http
	EndProjectSection
EndProject
Project("{FAE04EC0-301F-11D3-BF4B-00C04F79EFBC}") = "Northwind.MinimalApi", "Northwind.MinimalApi\Northwind.MinimalApi.csproj", "{365BA2A9-6802-4130-BB39-A431EE4DB551}"
EndProject
Global
	GlobalSection(SolutionConfigurationPlatforms) = preSolution
		Debug|Any CPU = Debug|Any CPU
		Release|Any CPU = Release|Any CPU
	EndGlobalSection
	GlobalSection(ProjectConfigurationPlatforms) = postSolution
		{CD94357F-59AC-402F-B9FE-4CA45636E725}.Debug|Any CPU.ActiveCfg = Debug|Any CPU
		{CD94357F-59AC-402F-B9FE-4CA45636E725}.Debug|Any CPU.Build.0 = Debug|Any CPU
		{CD94357F-59AC-402F-B9FE-4CA45636E725}.Release|Any CPU.ActiveCfg = Release|Any CPU
		{CD94357F-59AC-402F-B9FE-4CA45636E725}.Release|Any CPU.Build.0 = Release|Any CPU
		{303B6680-6B27-4076-A96D-C0957FFFFFDF}.Debug|Any CPU.ActiveCfg = Debug|Any CPU
		{303B6680-6B27-4076-A96D-C0957FFFFFDF}.Debug|Any CPU.Build.0 = Debug|Any CPU
		{303B6680-6B27-4076-A96D-C0957FFFFFDF}.Release|Any CPU.ActiveCfg = Release|Any CPU
		{303B6680-6B27-4076-A96D-C0957FFFFFDF}.Release|Any CPU.Build.0 = Release|Any CPU
		{B3CBD1C3-3865-4716-912E-331139882928}.Debug|Any CPU.ActiveCfg = Debug|Any CPU
		{B3CBD1C3-3865-4716-912E-331139882928}.Debug|Any CPU.Build.0 = Debug|Any CPU
		{B3CBD1C3-3865-4716-912E-331139882928}.Release|Any CPU.ActiveCfg = Release|Any CPU
		{B3CBD1C3-3865-4716-912E-331139882928}.Release|Any CPU.Build.0 = Release|Any CPU
		{72C3D62D-D47C-4ED7-BF11-0063A83B5D46}.Debug|Any CPU.ActiveCfg = Debug|Any CPU
		{72C3D62D-D47C-4ED7-BF11-0063A83B5D46}.Debug|Any CPU.Build.0 = Debug|Any CPU
		{72C3D62D-D47C-4ED7-BF11-0063A83B5D46}.Release|Any CPU.ActiveCfg = Release|Any CPU
		{72C3D62D-D47C-4ED7-BF11-0063A83B5D46}.Release|Any CPU.Build.0 = Release|Any CPU
		{649E769B-ABFB-41B1-8F7B-636D03C2728D}.Debug|Any CPU.ActiveCfg = Debug|Any CPU
		{649E769B-ABFB-41B1-8F7B-636D03C2728D}.Debug|Any CPU.Build.0 = Debug|Any CPU
		{649E769B-ABFB-41B1-8F7B-636D03C2728D}.Release|Any CPU.ActiveCfg = Release|Any CPU
		{649E769B-ABFB-41B1-8F7B-636D03C2728D}.Release|Any CPU.Build.0 = Release|Any CPU
		{CF83ED48-F978-489E-86DF-4D926B54DB98}.Debug|Any CPU.ActiveCfg = Debug|Any CPU
		{CF83ED48-F978-489E-86DF-4D926B54DB98}.Debug|Any CPU.Build.0 = Debug|Any CPU
		{CF83ED48-F978-489E-86DF-4D926B54DB98}.Release|Any CPU.ActiveCfg = Release|Any CPU
		{CF83ED48-F978-489E-86DF-4D926B54DB98}.Release|Any CPU.Build.0 = Release|Any CPU
		{5640C1B3-6C77-4CCB-9508-3999CC08E4D9}.Debug|Any CPU.ActiveCfg = Debug|Any CPU
		{5640C1B3-6C77-4CCB-9508-3999CC08E4D9}.Debug|Any CPU.Build.0 = Debug|Any CPU
		{5640C1B3-6C77-4CCB-9508-3999CC08E4D9}.Release|Any CPU.ActiveCfg = Release|Any CPU
		{5640C1B3-6C77-4CCB-9508-3999CC08E4D9}.Release|Any CPU.Build.0 = Release|Any CPU
		{365BA2A9-6802-4130-BB39-A431EE4DB551}.Debug|Any CPU.ActiveCfg = Debug|Any CPU
		{365BA2A9-6802-4130-BB39-A431EE4DB551}.Debug|Any CPU.Build.0 = Debug|Any CPU
		{365BA2A9-6802-4130-BB39-A431EE4DB551}.Release|Any CPU.ActiveCfg = Release|Any CPU
		{365BA2A9-6802-4130-BB39-A431EE4DB551}.Release|Any CPU.Build.0 = Release|Any CPU
	EndGlobalSection
	GlobalSection(SolutionProperties) = preSolution
		HideSolutionNode = FALSE
	EndGlobalSection
	GlobalSection(ExtensibilityGlobals) = postSolution
		SolutionGuid = {470C724B-FAB4-409E-85CC-890DA8B45828}
	EndGlobalSection
EndGlobal
